// !$*UTF8*$!
{
	archiveVersion = 1;
	classes = {
	};
	objectVersion = 50;
	objects = {

/* Begin PBXBuildFile section */
		24A5ED4A2288B68A006B990F /* Settings.swift in Sources */ = {isa = PBXBuildFile; fileRef = 24A5ED492288B68A006B990F /* Settings.swift */; };
		24A5ED4D2288E23B006B990F /* Holyfat.ttf in Resources */ = {isa = PBXBuildFile; fileRef = 24A5ED4C2288E215006B990F /* Holyfat.ttf */; };
		24EFFAD52288A8DB0096521C /* AppDelegate.swift in Sources */ = {isa = PBXBuildFile; fileRef = 24EFFAD42288A8DB0096521C /* AppDelegate.swift */; };
		24EFFADB2288A8DB0096521C /* GameScene.swift in Sources */ = {isa = PBXBuildFile; fileRef = 24EFFADA2288A8DB0096521C /* GameScene.swift */; };
		24EFFADD2288A8DB0096521C /* GameViewController.swift in Sources */ = {isa = PBXBuildFile; fileRef = 24EFFADC2288A8DB0096521C /* GameViewController.swift */; };
		24EFFAE02288A8DB0096521C /* Main.storyboard in Resources */ = {isa = PBXBuildFile; fileRef = 24EFFADE2288A8DB0096521C /* Main.storyboard */; };
		24EFFAE22288A8DD0096521C /* Assets.xcassets in Resources */ = {isa = PBXBuildFile; fileRef = 24EFFAE12288A8DD0096521C /* Assets.xcassets */; };
		24EFFAE52288A8DD0096521C /* LaunchScreen.storyboard in Resources */ = {isa = PBXBuildFile; fileRef = 24EFFAE32288A8DD0096521C /* LaunchScreen.storyboard */; };
		24EFFAF02288A8DE0096521C /* ColorGameTests.swift in Sources */ = {isa = PBXBuildFile; fileRef = 24EFFAEF2288A8DE0096521C /* ColorGameTests.swift */; };
		24EFFAFB2288A8DE0096521C /* ColorGameUITests.swift in Sources */ = {isa = PBXBuildFile; fileRef = 24EFFAFA2288A8DE0096521C /* ColorGameUITests.swift */; };
/* End PBXBuildFile section */

/* Begin PBXContainerItemProxy section */
		24EFFAEC2288A8DE0096521C /* PBXContainerItemProxy */ = {
			isa = PBXContainerItemProxy;
			containerPortal = 24EFFAC92288A8DB0096521C /* Project object */;
			proxyType = 1;
			remoteGlobalIDString = 24EFFAD02288A8DB0096521C;
			remoteInfo = ColorGame;
		};
		24EFFAF72288A8DE0096521C /* PBXContainerItemProxy */ = {
			isa = PBXContainerItemProxy;
			containerPortal = 24EFFAC92288A8DB0096521C /* Project object */;
			proxyType = 1;
			remoteGlobalIDString = 24EFFAD02288A8DB0096521C;
			remoteInfo = ColorGame;
		};
/* End PBXContainerItemProxy section */

/* Begin PBXFileReference section */
		24A5ED492288B68A006B990F /* Settings.swift */ = {isa = PBXFileReference; lastKnownFileType = sourcecode.swift; path = Settings.swift; sourceTree = "<group>"; };
		24A5ED4C2288E215006B990F /* Holyfat.ttf */ = {isa = PBXFileReference; lastKnownFileType = file; name = Holyfat.ttf; path = ../../../../../../Downloads/holyfat/Holyfat.ttf; sourceTree = "<group>"; };
		24EFFAD12288A8DB0096521C /* ColorGame.app */ = {isa = PBXFileReference; explicitFileType = wrapper.application; includeInIndex = 0; path = ColorGame.app; sourceTree = BUILT_PRODUCTS_DIR; };
		24EFFAD42288A8DB0096521C /* AppDelegate.swift */ = {isa = PBXFileReference; lastKnownFileType = sourcecode.swift; path = AppDelegate.swift; sourceTree = "<group>"; };
		24EFFADA2288A8DB0096521C /* GameScene.swift */ = {isa = PBXFileReference; lastKnownFileType = sourcecode.swift; path = GameScene.swift; sourceTree = "<group>"; };
		24EFFADC2288A8DB0096521C /* GameViewController.swift */ = {isa = PBXFileReference; lastKnownFileType = sourcecode.swift; path = GameViewController.swift; sourceTree = "<group>"; };
		24EFFADF2288A8DB0096521C /* Base */ = {isa = PBXFileReference; lastKnownFileType = file.storyboard; name = Base; path = Base.lproj/Main.storyboard; sourceTree = "<group>"; };
		24EFFAE12288A8DD0096521C /* Assets.xcassets */ = {isa = PBXFileReference; lastKnownFileType = folder.assetcatalog; path = Assets.xcassets; sourceTree = "<group>"; };
		24EFFAE42288A8DD0096521C /* Base */ = {isa = PBXFileReference; lastKnownFileType = file.storyboard; name = Base; path = Base.lproj/LaunchScreen.storyboard; sourceTree = "<group>"; };
		24EFFAE62288A8DD0096521C /* Info.plist */ = {isa = PBXFileReference; lastKnownFileType = text.plist.xml; path = Info.plist; sourceTree = "<group>"; };
		24EFFAEB2288A8DE0096521C /* ColorGameTests.xctest */ = {isa = PBXFileReference; explicitFileType = wrapper.cfbundle; includeInIndex = 0; path = ColorGameTests.xctest; sourceTree = BUILT_PRODUCTS_DIR; };
		24EFFAEF2288A8DE0096521C /* ColorGameTests.swift */ = {isa = PBXFileReference; lastKnownFileType = sourcecode.swift; path = ColorGameTests.swift; sourceTree = "<group>"; };
		24EFFAF12288A8DE0096521C /* Info.plist */ = {isa = PBXFileReference; lastKnownFileType = text.plist.xml; path = Info.plist; sourceTree = "<group>"; };
		24EFFAF62288A8DE0096521C /* ColorGameUITests.xctest */ = {isa = PBXFileReference; explicitFileType = wrapper.cfbundle; includeInIndex = 0; path = ColorGameUITests.xctest; sourceTree = BUILT_PRODUCTS_DIR; };
		24EFFAFA2288A8DE0096521C /* ColorGameUITests.swift */ = {isa = PBXFileReference; lastKnownFileType = sourcecode.swift; path = ColorGameUITests.swift; sourceTree = "<group>"; };
		24EFFAFC2288A8DE0096521C /* Info.plist */ = {isa = PBXFileReference; lastKnownFileType = text.plist.xml; path = Info.plist; sourceTree = "<group>"; };
/* End PBXFileReference section */

/* Begin PBXFrameworksBuildPhase section */
		24EFFACE2288A8DB0096521C /* Frameworks */ = {
			isa = PBXFrameworksBuildPhase;
			buildActionMask = 2147483647;
			files = (
			);
			runOnlyForDeploymentPostprocessing = 0;
		};
		24EFFAE82288A8DE0096521C /* Frameworks */ = {
			isa = PBXFrameworksBuildPhase;
			buildActionMask = 2147483647;
			files = (
			);
			runOnlyForDeploymentPostprocessing = 0;
		};
		24EFFAF32288A8DE0096521C /* Frameworks */ = {
			isa = PBXFrameworksBuildPhase;
			buildActionMask = 2147483647;
			files = (
			);
			runOnlyForDeploymentPostprocessing = 0;
		};
/* End PBXFrameworksBuildPhase section */

/* Begin PBXGroup section */
		24A5ED452288AC8A006B990F /* ViewController */ = {
			isa = PBXGroup;
			children = (
				24EFFADC2288A8DB0096521C /* GameViewController.swift */,
			);
			path = ViewController;
			sourceTree = "<group>";
		};
		24A5ED462288AC96006B990F /* Scenes */ = {
			isa = PBXGroup;
			children = (
				24EFFADA2288A8DB0096521C /* GameScene.swift */,
			);
			path = Scenes;
			sourceTree = "<group>";
		};
		24A5ED472288ACCC006B990F /* Template */ = {
			isa = PBXGroup;
			children = (
				24EFFAD42288A8DB0096521C /* AppDelegate.swift */,
				24A5ED492288B68A006B990F /* Settings.swift */,
			);
			path = Template;
			sourceTree = "<group>";
		};
		24A5ED482288ACDD006B990F /* Assets */ = {
			isa = PBXGroup;
			children = (
				24A5ED4B2288E1F7006B990F /* fonts */,
				24EFFADE2288A8DB0096521C /* Main.storyboard */,
				24EFFAE12288A8DD0096521C /* Assets.xcassets */,
				24EFFAE32288A8DD0096521C /* LaunchScreen.storyboard */,
			);
			path = Assets;
			sourceTree = "<group>";
		};
		24A5ED4B2288E1F7006B990F /* fonts */ = {
			isa = PBXGroup;
			children = (
				24A5ED4C2288E215006B990F /* Holyfat.ttf */,
			);
			path = fonts;
			sourceTree = "<group>";
		};
		24EFFAC82288A8DB0096521C = {
			isa = PBXGroup;
			children = (
				24EFFAD32288A8DB0096521C /* ColorGame */,
				24EFFAEE2288A8DE0096521C /* ColorGameTests */,
				24EFFAF92288A8DE0096521C /* ColorGameUITests */,
				24EFFAD22288A8DB0096521C /* Products */,
			);
			sourceTree = "<group>";
		};
		24EFFAD22288A8DB0096521C /* Products */ = {
			isa = PBXGroup;
			children = (
				24EFFAD12288A8DB0096521C /* ColorGame.app */,
				24EFFAEB2288A8DE0096521C /* ColorGameTests.xctest */,
				24EFFAF62288A8DE0096521C /* ColorGameUITests.xctest */,
			);
			name = Products;
			sourceTree = "<group>";
		};
		24EFFAD32288A8DB0096521C /* ColorGame */ = {
			isa = PBXGroup;
			children = (
				24EFFAE62288A8DD0096521C /* Info.plist */,
				24A5ED482288ACDD006B990F /* Assets */,
				24A5ED472288ACCC006B990F /* Template */,
				24A5ED462288AC96006B990F /* Scenes */,
				24A5ED452288AC8A006B990F /* ViewController */,
			);
			path = ColorGame;
			sourceTree = "<group>";
		};
		24EFFAEE2288A8DE0096521C /* ColorGameTests */ = {
			isa = PBXGroup;
			children = (
				24EFFAEF2288A8DE0096521C /* ColorGameTests.swift */,
				24EFFAF12288A8DE0096521C /* Info.plist */,
			);
			path = ColorGameTests;
			sourceTree = "<group>";
		};
		24EFFAF92288A8DE0096521C /* ColorGameUITests */ = {
			isa = PBXGroup;
			children = (
				24EFFAFA2288A8DE0096521C /* ColorGameUITests.swift */,
				24EFFAFC2288A8DE0096521C /* Info.plist */,
			);
			path = ColorGameUITests;
			sourceTree = "<group>";
		};
/* End PBXGroup section */

/* Begin PBXNativeTarget section */
		24EFFAD02288A8DB0096521C /* ColorGame */ = {
			isa = PBXNativeTarget;
			buildConfigurationList = 24EFFAFF2288A8DE0096521C /* Build configuration list for PBXNativeTarget "ColorGame" */;
			buildPhases = (
				24EFFACD2288A8DB0096521C /* Sources */,
				24EFFACE2288A8DB0096521C /* Frameworks */,
				24EFFACF2288A8DB0096521C /* Resources */,
			);
			buildRules = (
			);
			dependencies = (
			);
			name = ColorGame;
			productName = ColorGame;
			productReference = 24EFFAD12288A8DB0096521C /* ColorGame.app */;
			productType = "com.apple.product-type.application";
		};
		24EFFAEA2288A8DE0096521C /* ColorGameTests */ = {
			isa = PBXNativeTarget;
			buildConfigurationList = 24EFFB022288A8DE0096521C /* Build configuration list for PBXNativeTarget "ColorGameTests" */;
			buildPhases = (
				24EFFAE72288A8DE0096521C /* Sources */,
				24EFFAE82288A8DE0096521C /* Frameworks */,
				24EFFAE92288A8DE0096521C /* Resources */,
			);
			buildRules = (
			);
			dependencies = (
				24EFFAED2288A8DE0096521C /* PBXTargetDependency */,
			);
			name = ColorGameTests;
			productName = ColorGameTests;
			productReference = 24EFFAEB2288A8DE0096521C /* ColorGameTests.xctest */;
			productType = "com.apple.product-type.bundle.unit-test";
		};
		24EFFAF52288A8DE0096521C /* ColorGameUITests */ = {
			isa = PBXNativeTarget;
			buildConfigurationList = 24EFFB052288A8DE0096521C /* Build configuration list for PBXNativeTarget "ColorGameUITests" */;
			buildPhases = (
				24EFFAF22288A8DE0096521C /* Sources */,
				24EFFAF32288A8DE0096521C /* Frameworks */,
				24EFFAF42288A8DE0096521C /* Resources */,
			);
			buildRules = (
			);
			dependencies = (
				24EFFAF82288A8DE0096521C /* PBXTargetDependency */,
			);
			name = ColorGameUITests;
			productName = ColorGameUITests;
			productReference = 24EFFAF62288A8DE0096521C /* ColorGameUITests.xctest */;
			productType = "com.apple.product-type.bundle.ui-testing";
		};
/* End PBXNativeTarget section */

/* Begin PBXProject section */
		24EFFAC92288A8DB0096521C /* Project object */ = {
			isa = PBXProject;
			attributes = {
				LastSwiftUpdateCheck = 1010;
				LastUpgradeCheck = 1010;
				ORGANIZATIONNAME = "Borja S";
				TargetAttributes = {
					24EFFAD02288A8DB0096521C = {
						CreatedOnToolsVersion = 10.1;
					};
					24EFFAEA2288A8DE0096521C = {
						CreatedOnToolsVersion = 10.1;
						TestTargetID = 24EFFAD02288A8DB0096521C;
					};
					24EFFAF52288A8DE0096521C = {
						CreatedOnToolsVersion = 10.1;
						TestTargetID = 24EFFAD02288A8DB0096521C;
					};
				};
			};
			buildConfigurationList = 24EFFACC2288A8DB0096521C /* Build configuration list for PBXProject "ColorGame" */;
			compatibilityVersion = "Xcode 9.3";
			developmentRegion = en;
			hasScannedForEncodings = 0;
			knownRegions = (
				en,
				Base,
			);
			mainGroup = 24EFFAC82288A8DB0096521C;
			productRefGroup = 24EFFAD22288A8DB0096521C /* Products */;
			projectDirPath = "";
			projectRoot = "";
			targets = (
				24EFFAD02288A8DB0096521C /* ColorGame */,
				24EFFAEA2288A8DE0096521C /* ColorGameTests */,
				24EFFAF52288A8DE0096521C /* ColorGameUITests */,
			);
		};
/* End PBXProject section */

/* Begin PBXResourcesBuildPhase section */
		24EFFACF2288A8DB0096521C /* Resources */ = {
			isa = PBXResourcesBuildPhase;
			buildActionMask = 2147483647;
			files = (
				24EFFAE02288A8DB0096521C /* Main.storyboard in Resources */,
				24EFFAE22288A8DD0096521C /* Assets.xcassets in Resources */,
				24A5ED4D2288E23B006B990F /* Holyfat.ttf in Resources */,
				24EFFAE52288A8DD0096521C /* LaunchScreen.storyboard in Resources */,
			);
			runOnlyForDeploymentPostprocessing = 0;
		};
		24EFFAE92288A8DE0096521C /* Resources */ = {
			isa = PBXResourcesBuildPhase;
			buildActionMask = 2147483647;
			files = (
			);
			runOnlyForDeploymentPostprocessing = 0;
		};
		24EFFAF42288A8DE0096521C /* Resources */ = {
			isa = PBXResourcesBuildPhase;
			buildActionMask = 2147483647;
			files = (
			);
			runOnlyForDeploymentPostprocessing = 0;
		};
/* End PBXResourcesBuildPhase section */

/* Begin PBXSourcesBuildPhase section */
		24EFFACD2288A8DB0096521C /* Sources */ = {
			isa = PBXSourcesBuildPhase;
			buildActionMask = 2147483647;
			files = (
				24EFFADB2288A8DB0096521C /* GameScene.swift in Sources */,
				24EFFADD2288A8DB0096521C /* GameViewController.swift in Sources */,
				24A5ED4A2288B68A006B990F /* Settings.swift in Sources */,
				24EFFAD52288A8DB0096521C /* AppDelegate.swift in Sources */,
			);
			runOnlyForDeploymentPostprocessing = 0;
		};
		24EFFAE72288A8DE0096521C /* Sources */ = {
			isa = PBXSourcesBuildPhase;
			buildActionMask = 2147483647;
			files = (
				24EFFAF02288A8DE0096521C /* ColorGameTests.swift in Sources */,
			);
			runOnlyForDeploymentPostprocessing = 0;
		};
		24EFFAF22288A8DE0096521C /* Sources */ = {
			isa = PBXSourcesBuildPhase;
			buildActionMask = 2147483647;
			files = (
				24EFFAFB2288A8DE0096521C /* ColorGameUITests.swift in Sources */,
			);
			runOnlyForDeploymentPostprocessing = 0;
		};
/* End PBXSourcesBuildPhase section */

/* Begin PBXTargetDependency section */
		24EFFAED2288A8DE0096521C /* PBXTargetDependency */ = {
			isa = PBXTargetDependency;
			target = 24EFFAD02288A8DB0096521C /* ColorGame */;
			targetProxy = 24EFFAEC2288A8DE0096521C /* PBXContainerItemProxy */;
		};
		24EFFAF82288A8DE0096521C /* PBXTargetDependency */ = {
			isa = PBXTargetDependency;
			target = 24EFFAD02288A8DB0096521C /* ColorGame */;
			targetProxy = 24EFFAF72288A8DE0096521C /* PBXContainerItemProxy */;
		};
/* End PBXTargetDependency section */

/* Begin PBXVariantGroup section */
		24EFFADE2288A8DB0096521C /* Main.storyboard */ = {
			isa = PBXVariantGroup;
			children = (
				24EFFADF2288A8DB0096521C /* Base */,
			);
			name = Main.storyboard;
			sourceTree = "<group>";
		};
		24EFFAE32288A8DD0096521C /* LaunchScreen.storyboard */ = {
			isa = PBXVariantGroup;
			children = (
				24EFFAE42288A8DD0096521C /* Base */,
			);
			name = LaunchScreen.storyboard;
			sourceTree = "<group>";
		};
/* End PBXVariantGroup section */

/* Begin XCBuildConfiguration section */
		24EFFAFD2288A8DE0096521C /* Debug */ = {
			isa = XCBuildConfiguration;
			buildSettings = {
				ALWAYS_SEARCH_USER_PATHS = NO;
				CLANG_ANALYZER_NONNULL = YES;
				CLANG_ANALYZER_NUMBER_OBJECT_CONVERSION = YES_AGGRESSIVE;
				CLANG_CXX_LANGUAGE_STANDARD = "gnu++14";
				CLANG_CXX_LIBRARY = "libc++";
				CLANG_ENABLE_MODULES = YES;
				CLANG_ENABLE_OBJC_ARC = YES;
				CLANG_ENABLE_OBJC_WEAK = YES;
				CLANG_WARN_BLOCK_CAPTURE_AUTORELEASING = YES;
				CLANG_WARN_BOOL_CONVERSION = YES;
				CLANG_WARN_COMMA = YES;
				CLANG_WARN_CONSTANT_CONVERSION = YES;
				CLANG_WARN_DEPRECATED_OBJC_IMPLEMENTATIONS = YES;
				CLANG_WARN_DIRECT_OBJC_ISA_USAGE = YES_ERROR;
				CLANG_WARN_DOCUMENTATION_COMMENTS = YES;
				CLANG_WARN_EMPTY_BODY = YES;
				CLANG_WARN_ENUM_CONVERSION = YES;
				CLANG_WARN_INFINITE_RECURSION = YES;
				CLANG_WARN_INT_CONVERSION = YES;
				CLANG_WARN_NON_LITERAL_NULL_CONVERSION = YES;
				CLANG_WARN_OBJC_IMPLICIT_RETAIN_SELF = YES;
				CLANG_WARN_OBJC_LITERAL_CONVERSION = YES;
				CLANG_WARN_OBJC_ROOT_CLASS = YES_ERROR;
				CLANG_WARN_RANGE_LOOP_ANALYSIS = YES;
				CLANG_WARN_STRICT_PROTOTYPES = YES;
				CLANG_WARN_SUSPICIOUS_MOVE = YES;
				CLANG_WARN_UNGUARDED_AVAILABILITY = YES_AGGRESSIVE;
				CLANG_WARN_UNREACHABLE_CODE = YES;
				CLANG_WARN__DUPLICATE_METHOD_MATCH = YES;
				CODE_SIGN_IDENTITY = "iPhone Developer";
				COPY_PHASE_STRIP = NO;
				DEBUG_INFORMATION_FORMAT = dwarf;
				ENABLE_STRICT_OBJC_MSGSEND = YES;
				ENABLE_TESTABILITY = YES;
				GCC_C_LANGUAGE_STANDARD = gnu11;
				GCC_DYNAMIC_NO_PIC = NO;
				GCC_NO_COMMON_BLOCKS = YES;
				GCC_OPTIMIZATION_LEVEL = 0;
				GCC_PREPROCESSOR_DEFINITIONS = (
					"DEBUG=1",
					"$(inherited)",
				);
				GCC_WARN_64_TO_32_BIT_CONVERSION = YES;
				GCC_WARN_ABOUT_RETURN_TYPE = YES_ERROR;
				GCC_WARN_UNDECLARED_SELECTOR = YES;
				GCC_WARN_UNINITIALIZED_AUTOS = YES_AGGRESSIVE;
				GCC_WARN_UNUSED_FUNCTION = YES;
				GCC_WARN_UNUSED_VARIABLE = YES;
				IPHONEOS_DEPLOYMENT_TARGET = 12.1;
				MTL_ENABLE_DEBUG_INFO = INCLUDE_SOURCE;
				MTL_FAST_MATH = YES;
				ONLY_ACTIVE_ARCH = YES;
				SDKROOT = iphoneos;
				SWIFT_ACTIVE_COMPILATION_CONDITIONS = DEBUG;
				SWIFT_OPTIMIZATION_LEVEL = "-Onone";
			};
			name = Debug;
		};
		24EFFAFE2288A8DE0096521C /* Release */ = {
			isa = XCBuildConfiguration;
			buildSettings = {
				ALWAYS_SEARCH_USER_PATHS = NO;
				CLANG_ANALYZER_NONNULL = YES;
				CLANG_ANALYZER_NUMBER_OBJECT_CONVERSION = YES_AGGRESSIVE;
				CLANG_CXX_LANGUAGE_STANDARD = "gnu++14";
				CLANG_CXX_LIBRARY = "libc++";
				CLANG_ENABLE_MODULES = YES;
				CLANG_ENABLE_OBJC_ARC = YES;
				CLANG_ENABLE_OBJC_WEAK = YES;
				CLANG_WARN_BLOCK_CAPTURE_AUTORELEASING = YES;
				CLANG_WARN_BOOL_CONVERSION = YES;
				CLANG_WARN_COMMA = YES;
				CLANG_WARN_CONSTANT_CONVERSION = YES;
				CLANG_WARN_DEPRECATED_OBJC_IMPLEMENTATIONS = YES;
				CLANG_WARN_DIRECT_OBJC_ISA_USAGE = YES_ERROR;
				CLANG_WARN_DOCUMENTATION_COMMENTS = YES;
				CLANG_WARN_EMPTY_BODY = YES;
				CLANG_WARN_ENUM_CONVERSION = YES;
				CLANG_WARN_INFINITE_RECURSION = YES;
				CLANG_WARN_INT_CONVERSION = YES;
				CLANG_WARN_NON_LITERAL_NULL_CONVERSION = YES;
				CLANG_WARN_OBJC_IMPLICIT_RETAIN_SELF = YES;
				CLANG_WARN_OBJC_LITERAL_CONVERSION = YES;
				CLANG_WARN_OBJC_ROOT_CLASS = YES_ERROR;
				CLANG_WARN_RANGE_LOOP_ANALYSIS = YES;
				CLANG_WARN_STRICT_PROTOTYPES = YES;
				CLANG_WARN_SUSPICIOUS_MOVE = YES;
				CLANG_WARN_UNGUARDED_AVAILABILITY = YES_AGGRESSIVE;
				CLANG_WARN_UNREACHABLE_CODE = YES;
				CLANG_WARN__DUPLICATE_METHOD_MATCH = YES;
				CODE_SIGN_IDENTITY = "iPhone Developer";
				COPY_PHASE_STRIP = NO;
				DEBUG_INFORMATION_FORMAT = "dwarf-with-dsym";
				ENABLE_NS_ASSERTIONS = NO;
				ENABLE_STRICT_OBJC_MSGSEND = YES;
				GCC_C_LANGUAGE_STANDARD = gnu11;
				GCC_NO_COMMON_BLOCKS = YES;
				GCC_WARN_64_TO_32_BIT_CONVERSION = YES;
				GCC_WARN_ABOUT_RETURN_TYPE = YES_ERROR;
				GCC_WARN_UNDECLARED_SELECTOR = YES;
				GCC_WARN_UNINITIALIZED_AUTOS = YES_AGGRESSIVE;
				GCC_WARN_UNUSED_FUNCTION = YES;
				GCC_WARN_UNUSED_VARIABLE = YES;
				IPHONEOS_DEPLOYMENT_TARGET = 12.1;
				MTL_ENABLE_DEBUG_INFO = NO;
				MTL_FAST_MATH = YES;
				SDKROOT = iphoneos;
				SWIFT_COMPILATION_MODE = wholemodule;
				SWIFT_OPTIMIZATION_LEVEL = "-O";
				VALIDATE_PRODUCT = YES;
			};
			name = Release;
		};
		24EFFB002288A8DE0096521C /* Debug */ = {
			isa = XCBuildConfiguration;
			buildSettings = {
				ASSETCATALOG_COMPILER_APPICON_NAME = AppIcon;
				CODE_SIGN_STYLE = Automatic;
				INFOPLIST_FILE = ColorGame/Info.plist;
				LD_RUNPATH_SEARCH_PATHS = (
					"$(inherited)",
					"@executable_path/Frameworks",
				);
				PRODUCT_BUNDLE_IDENTIFIER = borja.ColorGame;
				PRODUCT_NAME = "$(TARGET_NAME)";
				SWIFT_VERSION = 4.2;
				TARGETED_DEVICE_FAMILY = "1,2";
			};
			name = Debug;
		};
		24EFFB012288A8DE0096521C /* Release */ = {
			isa = XCBuildConfiguration;
			buildSettings = {
				ASSETCATALOG_COMPILER_APPICON_NAME = AppIcon;
				CODE_SIGN_STYLE = Automatic;
				INFOPLIST_FILE = ColorGame/Info.plist;
				LD_RUNPATH_SEARCH_PATHS = (
					"$(inherited)",
					"@executable_path/Frameworks",
				);
				PRODUCT_BUNDLE_IDENTIFIER = borja.ColorGame;
				PRODUCT_NAME = "$(TARGET_NAME)";
				SWIFT_VERSION = 4.2;
				TARGETED_DEVICE_FAMILY = "1,2";
			};
			name = Release;
		};
		24EFFB032288A8DE0096521C /* Debug */ = {
			isa = XCBuildConfiguration;
			buildSettings = {
				ALWAYS_EMBED_SWIFT_STANDARD_LIBRARIES = YES;
				BUNDLE_LOADER = "$(TEST_HOST)";
				CODE_SIGN_STYLE = Automatic;
				INFOPLIST_FILE = ColorGameTests/Info.plist;
				LD_RUNPATH_SEARCH_PATHS = (
					"$(inherited)",
					"@executable_path/Frameworks",
					"@loader_path/Frameworks",
				);
				PRODUCT_BUNDLE_IDENTIFIER = borja.ColorGameTests;
				PRODUCT_NAME = "$(TARGET_NAME)";
				SWIFT_VERSION = 4.2;
				TARGETED_DEVICE_FAMILY = "1,2";
				TEST_HOST = "$(BUILT_PRODUCTS_DIR)/ColorGame.app/ColorGame";
			};
			name = Debug;
		};
		24EFFB042288A8DE0096521C /* Release */ = {
			isa = XCBuildConfiguration;
			buildSettings = {
				ALWAYS_EMBED_SWIFT_STANDARD_LIBRARIES = YES;
				BUNDLE_LOADER = "$(TEST_HOST)";
				CODE_SIGN_STYLE = Automatic;
				INFOPLIST_FILE = ColorGameTests/Info.plist;
				LD_RUNPATH_SEARCH_PATHS = (
					"$(inherited)",
					"@executable_path/Frameworks",
					"@loader_path/Frameworks",
				);
				PRODUCT_BUNDLE_IDENTIFIER = borja.ColorGameTests;
				PRODUCT_NAME = "$(TARGET_NAME)";
				SWIFT_VERSION = 4.2;
				TARGETED_DEVICE_FAMILY = "1,2";
				TEST_HOST = "$(BUILT_PRODUCTS_DIR)/ColorGame.app/ColorGame";
			};
			name = Release;
		};
		24EFFB062288A8DE0096521C /* Debug */ = {
			isa = XCBuildConfiguration;
			buildSettings = {
				ALWAYS_EMBED_SWIFT_STANDARD_LIBRARIES = YES;
				CODE_SIGN_STYLE = Automatic;
				INFOPLIST_FILE = ColorGameUITests/Info.plist;
				LD_RUNPATH_SEARCH_PATHS = (
					"$(inherited)",
					"@executable_path/Frameworks",
					"@loader_path/Frameworks",
				);
				PRODUCT_BUNDLE_IDENTIFIER = borja.ColorGameUITests;
				PRODUCT_NAME = "$(TARGET_NAME)";
				SWIFT_VERSION = 4.2;
				TARGETED_DEVICE_FAMILY = "1,2";
				TEST_TARGET_NAME = ColorGame;
			};
			name = Debug;
		};
		24EFFB072288A8DE0096521C /* Release */ = {
			isa = XCBuildConfiguration;
			buildSettings = {
				ALWAYS_EMBED_SWIFT_STANDARD_LIBRARIES = YES;
				CODE_SIGN_STYLE = Automatic;
				INFOPLIST_FILE = ColorGameUITests/Info.plist;
				LD_RUNPATH_SEARCH_PATHS = (
					"$(inherited)",
					"@executable_path/Frameworks",
					"@loader_path/Frameworks",
				);
				PRODUCT_BUNDLE_IDENTIFIER = borja.ColorGameUITests;
				PRODUCT_NAME = "$(TARGET_NAME)";
				SWIFT_VERSION = 4.2;
				TARGETED_DEVICE_FAMILY = "1,2";
				TEST_TARGET_NAME = ColorGame;
			};
			name = Release;
		};
/* End XCBuildConfiguration section */

/* Begin XCConfigurationList section */
		24EFFACC2288A8DB0096521C /* Build configuration list for PBXProject "ColorGame" */ = {
			isa = XCConfigurationList;
			buildConfigurations = (
				24EFFAFD2288A8DE0096521C /* Debug */,
				24EFFAFE2288A8DE0096521C /* Release */,
			);
			defaultConfigurationIsVisible = 0;
			defaultConfigurationName = Release;
		};
		24EFFAFF2288A8DE0096521C /* Build configuration list for PBXNativeTarget "ColorGame" */ = {
			isa = XCConfigurationList;
			buildConfigurations = (
				24EFFB002288A8DE0096521C /* Debug */,
				24EFFB012288A8DE0096521C /* Release */,
			);
			defaultConfigurationIsVisible = 0;
			defaultConfigurationName = Release;
		};
		24EFFB022288A8DE0096521C /* Build configuration list for PBXNativeTarget "ColorGameTests" */ = {
			isa = XCConfigurationList;
			buildConfigurations = (
				24EFFB032288A8DE0096521C /* Debug */,
				24EFFB042288A8DE0096521C /* Release */,
			);
			defaultConfigurationIsVisible = 0;
			defaultConfigurationName = Release;
		};
		24EFFB052288A8DE0096521C /* Build configuration list for PBXNativeTarget "ColorGameUITests" */ = {
			isa = XCConfigurationList;
			buildConfigurations = (
				24EFFB062288A8DE0096521C /* Debug */,
				24EFFB072288A8DE0096521C /* Release */,
			);
			defaultConfigurationIsVisible = 0;
			defaultConfigurationName = Release;
		};
/* End XCConfigurationList section */
	};
	rootObject = 24EFFAC92288A8DB0096521C /* Project object */;
}
